// !$*UTF8*$!
{
	archiveVersion = 1;
	classes = {
	};
	objectVersion = 46;
	objects = {

/* Begin PBXBuildFile section */
		A56CAD001BA3243E00B634E6 /* main.m in Sources */ = {isa = PBXBuildFile; fileRef = A56CACFF1BA3243E00B634E6 /* main.m */; };
		A56CAD031BA3243E00B634E6 /* AppDelegate.m in Sources */ = {isa = PBXBuildFile; fileRef = A56CAD021BA3243E00B634E6 /* AppDelegate.m */; };
		A56CAD061BA3243E00B634E6 /* sorghum_iOS.xcdatamodeld in Sources */ = {isa = PBXBuildFile; fileRef = A56CAD041BA3243E00B634E6 /* sorghum_iOS.xcdatamodeld */; };
		A56CAD091BA3243E00B634E6 /* ViewController.m in Sources */ = {isa = PBXBuildFile; fileRef = A56CAD081BA3243E00B634E6 /* ViewController.m */; };
		A56CAD0C1BA3243E00B634E6 /* Main.storyboard in Resources */ = {isa = PBXBuildFile; fileRef = A56CAD0A1BA3243E00B634E6 /* Main.storyboard */; };
		A56CAD0E1BA3243E00B634E6 /* Images.xcassets in Resources */ = {isa = PBXBuildFile; fileRef = A56CAD0D1BA3243E00B634E6 /* Images.xcassets */; };
		A56CAD111BA3243E00B634E6 /* LaunchScreen.xib in Resources */ = {isa = PBXBuildFile; fileRef = A56CAD0F1BA3243E00B634E6 /* LaunchScreen.xib */; };
		A56CAD1D1BA3243E00B634E6 /* sorghum_iOSTests.m in Sources */ = {isa = PBXBuildFile; fileRef = A56CAD1C1BA3243E00B634E6 /* sorghum_iOSTests.m */; };
		B608E1DA1BBC3BD600FF13E9 /* farmland-3f20bef4346755881589dafa10d7ca98.jpg in Resources */ = {isa = PBXBuildFile; fileRef = B608E1D91BBC3BD600FF13E9 /* farmland-3f20bef4346755881589dafa10d7ca98.jpg */; settings = {ASSET_TAGS = (); }; };
		B608E1DE1BBDD90500FF13E9 /* 12077466_179050465763470_1183953899_n.jpg in Resources */ = {isa = PBXBuildFile; fileRef = B608E1DD1BBDD90500FF13E9 /* 12077466_179050465763470_1183953899_n.jpg */; settings = {ASSET_TAGS = (); }; };
/* End PBXBuildFile section */

/* Begin PBXContainerItemProxy section */
		A56CAD171BA3243E00B634E6 /* PBXContainerItemProxy */ = {
			isa = PBXContainerItemProxy;
			containerPortal = A56CACF21BA3243E00B634E6 /* Project object */;
			proxyType = 1;
			remoteGlobalIDString = A56CACF91BA3243E00B634E6;
			remoteInfo = "sorghum-iOS";
		};
/* End PBXContainerItemProxy section */

/* Begin PBXFileReference section */
		A56CACFA1BA3243E00B634E6 /* sorghum-iOS.app */ = {isa = PBXFileReference; explicitFileType = wrapper.application; includeInIndex = 0; path = "sorghum-iOS.app"; sourceTree = BUILT_PRODUCTS_DIR; };
		A56CACFE1BA3243E00B634E6 /* Info.plist */ = {isa = PBXFileReference; lastKnownFileType = text.plist.xml; path = Info.plist; sourceTree = "<group>"; };
		A56CACFF1BA3243E00B634E6 /* main.m */ = {isa = PBXFileReference; lastKnownFileType = sourcecode.c.objc; path = main.m; sourceTree = "<group>"; };
		A56CAD011BA3243E00B634E6 /* AppDelegate.h */ = {isa = PBXFileReference; lastKnownFileType = sourcecode.c.h; path = AppDelegate.h; sourceTree = "<group>"; };
		A56CAD021BA3243E00B634E6 /* AppDelegate.m */ = {isa = PBXFileReference; lastKnownFileType = sourcecode.c.objc; path = AppDelegate.m; sourceTree = "<group>"; };
		A56CAD051BA3243E00B634E6 /* sorghum_iOS.xcdatamodel */ = {isa = PBXFileReference; lastKnownFileType = wrapper.xcdatamodel; path = sorghum_iOS.xcdatamodel; sourceTree = "<group>"; };
		A56CAD071BA3243E00B634E6 /* ViewController.h */ = {isa = PBXFileReference; lastKnownFileType = sourcecode.c.h; path = ViewController.h; sourceTree = "<group>"; };
		A56CAD081BA3243E00B634E6 /* ViewController.m */ = {isa = PBXFileReference; lastKnownFileType = sourcecode.c.objc; path = ViewController.m; sourceTree = "<group>"; };
		A56CAD0B1BA3243E00B634E6 /* Base */ = {isa = PBXFileReference; lastKnownFileType = file.storyboard; name = Base; path = Base.lproj/Main.storyboard; sourceTree = "<group>"; };
		A56CAD0D1BA3243E00B634E6 /* Images.xcassets */ = {isa = PBXFileReference; lastKnownFileType = folder.assetcatalog; path = Images.xcassets; sourceTree = "<group>"; };
		A56CAD101BA3243E00B634E6 /* Base */ = {isa = PBXFileReference; lastKnownFileType = file.xib; name = Base; path = Base.lproj/LaunchScreen.xib; sourceTree = "<group>"; };
		A56CAD161BA3243E00B634E6 /* sorghum-iOSTests.xctest */ = {isa = PBXFileReference; explicitFileType = wrapper.cfbundle; includeInIndex = 0; path = "sorghum-iOSTests.xctest"; sourceTree = BUILT_PRODUCTS_DIR; };
		A56CAD1B1BA3243E00B634E6 /* Info.plist */ = {isa = PBXFileReference; lastKnownFileType = text.plist.xml; path = Info.plist; sourceTree = "<group>"; };
		A56CAD1C1BA3243E00B634E6 /* sorghum_iOSTests.m */ = {isa = PBXFileReference; lastKnownFileType = sourcecode.c.objc; path = sorghum_iOSTests.m; sourceTree = "<group>"; };
		B608E1D91BBC3BD600FF13E9 /* farmland-3f20bef4346755881589dafa10d7ca98.jpg */ = {isa = PBXFileReference; lastKnownFileType = image.jpeg; path = "farmland-3f20bef4346755881589dafa10d7ca98.jpg"; sourceTree = "<group>"; };
		B608E1DD1BBDD90500FF13E9 /* 12077466_179050465763470_1183953899_n.jpg */ = {isa = PBXFileReference; lastKnownFileType = image.jpeg; path = 12077466_179050465763470_1183953899_n.jpg; sourceTree = "<group>"; };
/* End PBXFileReference section */

/* Begin PBXFrameworksBuildPhase section */
		A56CACF71BA3243E00B634E6 /* Frameworks */ = {
			isa = PBXFrameworksBuildPhase;
			buildActionMask = 2147483647;
			files = (
			);
			runOnlyForDeploymentPostprocessing = 0;
		};
		A56CAD131BA3243E00B634E6 /* Frameworks */ = {
			isa = PBXFrameworksBuildPhase;
			buildActionMask = 2147483647;
			files = (
			);
			runOnlyForDeploymentPostprocessing = 0;
		};
/* End PBXFrameworksBuildPhase section */

/* Begin PBXGroup section */
		A56CACF11BA3243E00B634E6 = {
			isa = PBXGroup;
			children = (
				A56CACFC1BA3243E00B634E6 /* sorghum-iOS */,
				A56CAD191BA3243E00B634E6 /* sorghum-iOSTests */,
				A56CACFB1BA3243E00B634E6 /* Products */,
			);
			sourceTree = "<group>";
		};
		A56CACFB1BA3243E00B634E6 /* Products */ = {
			isa = PBXGroup;
			children = (
				A56CACFA1BA3243E00B634E6 /* sorghum-iOS.app */,
				A56CAD161BA3243E00B634E6 /* sorghum-iOSTests.xctest */,
			);
			name = Products;
			sourceTree = "<group>";
		};
		A56CACFC1BA3243E00B634E6 /* sorghum-iOS */ = {
			isa = PBXGroup;
			children = (
				B608E1DD1BBDD90500FF13E9 /* 12077466_179050465763470_1183953899_n.jpg */,
				B608E1D91BBC3BD600FF13E9 /* farmland-3f20bef4346755881589dafa10d7ca98.jpg */,
				A56CAD011BA3243E00B634E6 /* AppDelegate.h */,
				A56CAD021BA3243E00B634E6 /* AppDelegate.m */,
				A56CAD071BA3243E00B634E6 /* ViewController.h */,
				A56CAD081BA3243E00B634E6 /* ViewController.m */,
				A56CAD0A1BA3243E00B634E6 /* Main.storyboard */,
				A56CAD0D1BA3243E00B634E6 /* Images.xcassets */,
				A56CAD0F1BA3243E00B634E6 /* LaunchScreen.xib */,
				A56CAD041BA3243E00B634E6 /* sorghum_iOS.xcdatamodeld */,
				A56CACFD1BA3243E00B634E6 /* Supporting Files */,
			);
			path = "sorghum-iOS";
			sourceTree = "<group>";
		};
		A56CACFD1BA3243E00B634E6 /* Supporting Files */ = {
			isa = PBXGroup;
			children = (
				A56CACFE1BA3243E00B634E6 /* Info.plist */,
				A56CACFF1BA3243E00B634E6 /* main.m */,
			);
			name = "Supporting Files";
			sourceTree = "<group>";
		};
		A56CAD191BA3243E00B634E6 /* sorghum-iOSTests */ = {
			isa = PBXGroup;
			children = (
				A56CAD1C1BA3243E00B634E6 /* sorghum_iOSTests.m */,
				A56CAD1A1BA3243E00B634E6 /* Supporting Files */,
			);
			path = "sorghum-iOSTests";
			sourceTree = "<group>";
		};
		A56CAD1A1BA3243E00B634E6 /* Supporting Files */ = {
			isa = PBXGroup;
			children = (
				A56CAD1B1BA3243E00B634E6 /* Info.plist */,
			);
			name = "Supporting Files";
			sourceTree = "<group>";
		};
/* End PBXGroup section */

/* Begin PBXNativeTarget section */
		A56CACF91BA3243E00B634E6 /* sorghum-iOS */ = {
			isa = PBXNativeTarget;
			buildConfigurationList = A56CAD201BA3243E00B634E6 /* Build configuration list for PBXNativeTarget "sorghum-iOS" */;
			buildPhases = (
				A56CACF61BA3243E00B634E6 /* Sources */,
				A56CACF71BA3243E00B634E6 /* Frameworks */,
				A56CACF81BA3243E00B634E6 /* Resources */,
			);
			buildRules = (
			);
			dependencies = (
			);
			name = "sorghum-iOS";
			productName = "sorghum-iOS";
			productReference = A56CACFA1BA3243E00B634E6 /* sorghum-iOS.app */;
			productType = "com.apple.product-type.application";
		};
		A56CAD151BA3243E00B634E6 /* sorghum-iOSTests */ = {
			isa = PBXNativeTarget;
			buildConfigurationList = A56CAD231BA3243E00B634E6 /* Build configuration list for PBXNativeTarget "sorghum-iOSTests" */;
			buildPhases = (
				A56CAD121BA3243E00B634E6 /* Sources */,
				A56CAD131BA3243E00B634E6 /* Frameworks */,
				A56CAD141BA3243E00B634E6 /* Resources */,
			);
			buildRules = (
			);
			dependencies = (
				A56CAD181BA3243E00B634E6 /* PBXTargetDependency */,
			);
			name = "sorghum-iOSTests";
			productName = "sorghum-iOSTests";
			productReference = A56CAD161BA3243E00B634E6 /* sorghum-iOSTests.xctest */;
			productType = "com.apple.product-type.bundle.unit-test";
		};
/* End PBXNativeTarget section */

/* Begin PBXProject section */
		A56CACF21BA3243E00B634E6 /* Project object */ = {
			isa = PBXProject;
			attributes = {
				LastSwiftUpdateCheck = 0700;
				LastUpgradeCheck = 0640;
				ORGANIZATIONNAME = "Kansas State University";
				TargetAttributes = {
					A56CACF91BA3243E00B634E6 = {
						CreatedOnToolsVersion = 6.4;
					};
					A56CAD151BA3243E00B634E6 = {
						CreatedOnToolsVersion = 6.4;
						TestTargetID = A56CACF91BA3243E00B634E6;
					};
				};
			};
			buildConfigurationList = A56CACF51BA3243E00B634E6 /* Build configuration list for PBXProject "sorghum-iOS" */;
			compatibilityVersion = "Xcode 3.2";
			developmentRegion = English;
			hasScannedForEncodings = 0;
			knownRegions = (
				en,
				Base,
			);
			mainGroup = A56CACF11BA3243E00B634E6;
			productRefGroup = A56CACFB1BA3243E00B634E6 /* Products */;
			projectDirPath = "";
			projectRoot = "";
			targets = (
				A56CACF91BA3243E00B634E6 /* sorghum-iOS */,
				A56CAD151BA3243E00B634E6 /* sorghum-iOSTests */,
			);
		};
/* End PBXProject section */

/* Begin PBXResourcesBuildPhase section */
		A56CACF81BA3243E00B634E6 /* Resources */ = {
			isa = PBXResourcesBuildPhase;
			buildActionMask = 2147483647;
			files = (
				B608E1DA1BBC3BD600FF13E9 /* farmland-3f20bef4346755881589dafa10d7ca98.jpg in Resources */,
				A56CAD0C1BA3243E00B634E6 /* Main.storyboard in Resources */,
				B608E1DE1BBDD90500FF13E9 /* 12077466_179050465763470_1183953899_n.jpg in Resources */,
				A56CAD111BA3243E00B634E6 /* LaunchScreen.xib in Resources */,
				A56CAD0E1BA3243E00B634E6 /* Images.xcassets in Resources */,
			);
			runOnlyForDeploymentPostprocessing = 0;
		};
		A56CAD141BA3243E00B634E6 /* Resources */ = {
			isa = PBXResourcesBuildPhase;
			buildActionMask = 2147483647;
			files = (
			);
			runOnlyForDeploymentPostprocessing = 0;
		};
/* End PBXResourcesBuildPhase section */

/* Begin PBXSourcesBuildPhase section */
		A56CACF61BA3243E00B634E6 /* Sources */ = {
			isa = PBXSourcesBuildPhase;
			buildActionMask = 2147483647;
			files = (
				A56CAD061BA3243E00B634E6 /* sorghum_iOS.xcdatamodeld in Sources */,
				A56CAD031BA3243E00B634E6 /* AppDelegate.m in Sources */,
				A56CAD091BA3243E00B634E6 /* ViewController.m in Sources */,
				A56CAD001BA3243E00B634E6 /* main.m in Sources */,
			);
			runOnlyForDeploymentPostprocessing = 0;
		};
		A56CAD121BA3243E00B634E6 /* Sources */ = {
			isa = PBXSourcesBuildPhase;
			buildActionMask = 2147483647;
			files = (
				A56CAD1D1BA3243E00B634E6 /* sorghum_iOSTests.m in Sources */,
			);
			runOnlyForDeploymentPostprocessing = 0;
		};
/* End PBXSourcesBuildPhase section */

/* Begin PBXTargetDependency section */
		A56CAD181BA3243E00B634E6 /* PBXTargetDependency */ = {
			isa = PBXTargetDependency;
			target = A56CACF91BA3243E00B634E6 /* sorghum-iOS */;
			targetProxy = A56CAD171BA3243E00B634E6 /* PBXContainerItemProxy */;
		};
/* End PBXTargetDependency section */

/* Begin PBXVariantGroup section */
		A56CAD0A1BA3243E00B634E6 /* Main.storyboard */ = {
			isa = PBXVariantGroup;
			children = (
				A56CAD0B1BA3243E00B634E6 /* Base */,
			);
			name = Main.storyboard;
			sourceTree = "<group>";
		};
		A56CAD0F1BA3243E00B634E6 /* LaunchScreen.xib */ = {
			isa = PBXVariantGroup;
			children = (
				A56CAD101BA3243E00B634E6 /* Base */,
			);
			name = LaunchScreen.xib;
			sourceTree = "<group>";
		};
/* End PBXVariantGroup section */

/* Begin XCBuildConfiguration section */
		A56CAD1E1BA3243E00B634E6 /* Debug */ = {
			isa = XCBuildConfiguration;
			buildSettings = {
				ALWAYS_SEARCH_USER_PATHS = NO;
				CLANG_CXX_LANGUAGE_STANDARD = "gnu++0x";
				CLANG_CXX_LIBRARY = "libc++";
				CLANG_ENABLE_MODULES = YES;
				CLANG_ENABLE_OBJC_ARC = YES;
				CLANG_WARN_BOOL_CONVERSION = YES;
				CLANG_WARN_CONSTANT_CONVERSION = YES;
				CLANG_WARN_DIRECT_OBJC_ISA_USAGE = YES_ERROR;
				CLANG_WARN_EMPTY_BODY = YES;
				CLANG_WARN_ENUM_CONVERSION = YES;
				CLANG_WARN_INT_CONVERSION = YES;
				CLANG_WARN_OBJC_ROOT_CLASS = YES_ERROR;
				CLANG_WARN_UNREACHABLE_CODE = YES;
				CLANG_WARN__DUPLICATE_METHOD_MATCH = YES;
				"CODE_SIGN_IDENTITY[sdk=iphoneos*]" = "iPhone Developer";
				COPY_PHASE_STRIP = NO;
				DEBUG_INFORMATION_FORMAT = "dwarf-with-dsym";
				ENABLE_STRICT_OBJC_MSGSEND = YES;
				GCC_C_LANGUAGE_STANDARD = gnu99;
				GCC_DYNAMIC_NO_PIC = NO;
				GCC_NO_COMMON_BLOCKS = YES;
				GCC_OPTIMIZATION_LEVEL = 0;
				GCC_PREPROCESSOR_DEFINITIONS = (
					"DEBUG=1",
					"$(inherited)",
				);
				GCC_SYMBOLS_PRIVATE_EXTERN = NO;
				GCC_WARN_64_TO_32_BIT_CONVERSION = YES;
				GCC_WARN_ABOUT_RETURN_TYPE = YES_ERROR;
				GCC_WARN_UNDECLARED_SELECTOR = YES;
				GCC_WARN_UNINITIALIZED_AUTOS = YES_AGGRESSIVE;
				GCC_WARN_UNUSED_FUNCTION = YES;
				GCC_WARN_UNUSED_VARIABLE = YES;
				IPHONEOS_DEPLOYMENT_TARGET = 8.4;
				MTL_ENABLE_DEBUG_INFO = YES;
				ONLY_ACTIVE_ARCH = YES;
				SDKROOT = iphoneos;
			};
			name = Debug;
		};
		A56CAD1F1BA3243E00B634E6 /* Release */ = {
			isa = XCBuildConfiguration;
			buildSettings = {
				ALWAYS_SEARCH_USER_PATHS = NO;
				CLANG_CXX_LANGUAGE_STANDARD = "gnu++0x";
				CLANG_CXX_LIBRARY = "libc++";
				CLANG_ENABLE_MODULES = YES;
				CLANG_ENABLE_OBJC_ARC = YES;
				CLANG_WARN_BOOL_CONVERSION = YES;
				CLANG_WARN_CONSTANT_CONVERSION = YES;
				CLANG_WARN_DIRECT_OBJC_ISA_USAGE = YES_ERROR;
				CLANG_WARN_EMPTY_BODY = YES;
				CLANG_WARN_ENUM_CONVERSION = YES;
				CLANG_WARN_INT_CONVERSION = YES;
				CLANG_WARN_OBJC_ROOT_CLASS = YES_ERROR;
				CLANG_WARN_UNREACHABLE_CODE = YES;
				CLANG_WARN__DUPLICATE_METHOD_MATCH = YES;
				"CODE_SIGN_IDENTITY[sdk=iphoneos*]" = "iPhone Developer";
				COPY_PHASE_STRIP = NO;
				DEBUG_INFORMATION_FORMAT = "dwarf-with-dsym";
				ENABLE_NS_ASSERTIONS = NO;
				ENABLE_STRICT_OBJC_MSGSEND = YES;
				GCC_C_LANGUAGE_STANDARD = gnu99;
				GCC_NO_COMMON_BLOCKS = YES;
				GCC_WARN_64_TO_32_BIT_CONVERSION = YES;
				GCC_WARN_ABOUT_RETURN_TYPE = YES_ERROR;
				GCC_WARN_UNDECLARED_SELECTOR = YES;
				GCC_WARN_UNINITIALIZED_AUTOS = YES_AGGRESSIVE;
				GCC_WARN_UNUSED_FUNCTION = YES;
				GCC_WARN_UNUSED_VARIABLE = YES;
				IPHONEOS_DEPLOYMENT_TARGET = 8.4;
				MTL_ENABLE_DEBUG_INFO = NO;
				SDKROOT = iphoneos;
				VALIDATE_PRODUCT = YES;
			};
			name = Release;
		};
		A56CAD211BA3243E00B634E6 /* Debug */ = {
			isa = XCBuildConfiguration;
			buildSettings = {
				ASSETCATALOG_COMPILER_APPICON_NAME = AppIcon;
				CLANG_ENABLE_MODULES = YES;
				INFOPLIST_FILE = "sorghum-iOS/Info.plist";
				LD_RUNPATH_SEARCH_PATHS = "$(inherited) @executable_path/Frameworks";
				PRODUCT_NAME = "$(TARGET_NAME)";
				SWIFT_OPTIMIZATION_LEVEL = "-Onone";
			};
			name = Debug;
		};
		A56CAD221BA3243E00B634E6 /* Release */ = {
			isa = XCBuildConfiguration;
			buildSettings = {
				ASSETCATALOG_COMPILER_APPICON_NAME = AppIcon;
				CLANG_ENABLE_MODULES = YES;
				INFOPLIST_FILE = "sorghum-iOS/Info.plist";
				LD_RUNPATH_SEARCH_PATHS = "$(inherited) @executable_path/Frameworks";
				PRODUCT_NAME = "$(TARGET_NAME)";
			};
			name = Release;
		};
		A56CAD241BA3243E00B634E6 /* Debug */ = {
			isa = XCBuildConfiguration;
			buildSettings = {
				BUNDLE_LOADER = "$(TEST_HOST)";
				FRAMEWORK_SEARCH_PATHS = (
					"$(SDKROOT)/Developer/Library/Frameworks",
					"$(inherited)",
				);
				GCC_PREPROCESSOR_DEFINITIONS = (
					"DEBUG=1",
					"$(inherited)",
				);
				INFOPLIST_FILE = "sorghum-iOSTests/Info.plist";
				LD_RUNPATH_SEARCH_PATHS = "$(inherited) @executable_path/Frameworks @loader_path/Frameworks";
				PRODUCT_NAME = "$(TARGET_NAME)";
				TEST_HOST = "$(BUILT_PRODUCTS_DIR)/sorghum-iOS.app/sorghum-iOS";
			};
			name = Debug;
		};
		A56CAD251BA3243E00B634E6 /* Release */ = {
			isa = XCBuildConfiguration;
			buildSettings = {
				BUNDLE_LOADER = "$(TEST_HOST)";
				FRAMEWORK_SEARCH_PATHS = (
					"$(SDKROOT)/Developer/Library/Frameworks",
					"$(inherited)",
				);
				INFOPLIST_FILE = "sorghum-iOSTests/Info.plist";
				LD_RUNPATH_SEARCH_PATHS = "$(inherited) @executable_path/Frameworks @loader_path/Frameworks";
				PRODUCT_NAME = "$(TARGET_NAME)";
				TEST_HOST = "$(BUILT_PRODUCTS_DIR)/sorghum-iOS.app/sorghum-iOS";
			};
			name = Release;
		};
/* End XCBuildConfiguration section */

/* Begin XCConfigurationList section */
		A56CACF51BA3243E00B634E6 /* Build configuration list for PBXProject "sorghum-iOS" */ = {
			isa = XCConfigurationList;
			buildConfigurations = (
				A56CAD1E1BA3243E00B634E6 /* Debug */,
				A56CAD1F1BA3243E00B634E6 /* Release */,
			);
			defaultConfigurationIsVisible = 0;
			defaultConfigurationName = Release;
		};
		A56CAD201BA3243E00B634E6 /* Build configuration list for PBXNativeTarget "sorghum-iOS" */ = {
			isa = XCConfigurationList;
			buildConfigurations = (
				A56CAD211BA3243E00B634E6 /* Debug */,
				A56CAD221BA3243E00B634E6 /* Release */,
			);
			defaultConfigurationIsVisible = 0;
			defaultConfigurationName = Release;
		};
		A56CAD231BA3243E00B634E6 /* Build configuration list for PBXNativeTarget "sorghum-iOSTests" */ = {
			isa = XCConfigurationList;
			buildConfigurations = (
				A56CAD241BA3243E00B634E6 /* Debug */,
				A56CAD251BA3243E00B634E6 /* Release */,
			);
			defaultConfigurationIsVisible = 0;
			defaultConfigurationName = Release;
		};
/* End XCConfigurationList section */

/* Begin XCVersionGroup section */
		A56CAD041BA3243E00B634E6 /* sorghum_iOS.xcdatamodeld */ = {
			isa = XCVersionGroup;
			children = (
				A56CAD051BA3243E00B634E6 /* sorghum_iOS.xcdatamodel */,
			);
			currentVersion = A56CAD051BA3243E00B634E6 /* sorghum_iOS.xcdatamodel */;
			path = sorghum_iOS.xcdatamodeld;
			sourceTree = "<group>";
			versionGroupType = wrapper.xcdatamodel;
		};
/* End XCVersionGroup section */
	};
	rootObject = A56CACF21BA3243E00B634E6 /* Project object */;
}
